// !$*UTF8*$!
{
	archiveVersion = 1;
	classes = {
	};
	objectVersion = 56;
	objects = {

/* Begin PBXBuildFile section */
		AF48FD9C2B0C88B80011BE5D /* spotify_demoApp.swift in Sources */ = {isa = PBXBuildFile; fileRef = AF48FD9B2B0C88B80011BE5D /* spotify_demoApp.swift */; };
		AF48FD9E2B0C88B80011BE5D /* ContentView.swift in Sources */ = {isa = PBXBuildFile; fileRef = AF48FD9D2B0C88B80011BE5D /* ContentView.swift */; };
		AF48FDA02B0C88B90011BE5D /* Assets.xcassets in Resources */ = {isa = PBXBuildFile; fileRef = AF48FD9F2B0C88B90011BE5D /* Assets.xcassets */; };
		AF48FDA42B0C88B90011BE5D /* Preview Assets.xcassets in Resources */ = {isa = PBXBuildFile; fileRef = AF48FDA32B0C88B90011BE5D /* Preview Assets.xcassets */; };
		AF48FDAE2B0C88BA0011BE5D /* spotify_demoTests.swift in Sources */ = {isa = PBXBuildFile; fileRef = AF48FDAD2B0C88BA0011BE5D /* spotify_demoTests.swift */; };
		AF48FDB82B0C88BA0011BE5D /* spotify_demoUITests.swift in Sources */ = {isa = PBXBuildFile; fileRef = AF48FDB72B0C88BA0011BE5D /* spotify_demoUITests.swift */; };
		AF48FDBA2B0C88BA0011BE5D /* spotify_demoUITestsLaunchTests.swift in Sources */ = {isa = PBXBuildFile; fileRef = AF48FDB92B0C88BA0011BE5D /* spotify_demoUITestsLaunchTests.swift */; };
		AF48FE282B15AE060011BE5D /* ButtonView.swift in Sources */ = {isa = PBXBuildFile; fileRef = AF48FE272B15AE060011BE5D /* ButtonView.swift */; };
		AF48FE2A2B15AE2F0011BE5D /* OIDExternalUserAgentIOSSafariViewController.swift in Sources */ = {isa = PBXBuildFile; fileRef = AF48FE292B15AE2F0011BE5D /* OIDExternalUserAgentIOSSafariViewController.swift */; };
		AF48FE2C2B15AE530011BE5D /* HomeView.swift in Sources */ = {isa = PBXBuildFile; fileRef = AF48FE2B2B15AE530011BE5D /* HomeView.swift */; };
		AF48FE2E2B15AE5D0011BE5D /* LoginView.swift in Sources */ = {isa = PBXBuildFile; fileRef = AF48FE2D2B15AE5D0011BE5D /* LoginView.swift */; };
		AF48FE302B15AE6B0011BE5D /* LoginViewModel.swift in Sources */ = {isa = PBXBuildFile; fileRef = AF48FE2F2B15AE6B0011BE5D /* LoginViewModel.swift */; };
		AF48FE322B15AE760011BE5D /* SessionViewModel.swift in Sources */ = {isa = PBXBuildFile; fileRef = AF48FE312B15AE760011BE5D /* SessionViewModel.swift */; };
		AF48FE352B15AEC50011BE5D /* AppConstants.swift in Sources */ = {isa = PBXBuildFile; fileRef = AF48FE342B15AEC50011BE5D /* AppConstants.swift */; };
		AF48FE372B15AEE60011BE5D /* TokensManager.swift in Sources */ = {isa = PBXBuildFile; fileRef = AF48FE362B15AEE60011BE5D /* TokensManager.swift */; };
		AF48FE3B2B15B28C0011BE5D /* AppAuth in Frameworks */ = {isa = PBXBuildFile; productRef = AF48FE3A2B15B28C0011BE5D /* AppAuth */; };
		AF48FE3D2B15B28C0011BE5D /* AppAuthCore in Frameworks */ = {isa = PBXBuildFile; productRef = AF48FE3C2B15B28C0011BE5D /* AppAuthCore */; };
		AF48FE402B15B2A90011BE5D /* Valet in Frameworks */ = {isa = PBXBuildFile; productRef = AF48FE3F2B15B2A90011BE5D /* Valet */; };
		AF5390D32B2C1A76005250E4 /* Alamofire in Frameworks */ = {isa = PBXBuildFile; productRef = AF5390D22B2C1A76005250E4 /* Alamofire */; };
		AF5390D62B2C1AA5005250E4 /* ApiObjectPlaylist.swift in Sources */ = {isa = PBXBuildFile; fileRef = AF5390D52B2C1AA5005250E4 /* ApiObjectPlaylist.swift */; };
		AF5390D82B2C1ACC005250E4 /* ApiObjectPaginator.swift in Sources */ = {isa = PBXBuildFile; fileRef = AF5390D72B2C1ACC005250E4 /* ApiObjectPaginator.swift */; };
		AF5390DB2B2C1B1E005250E4 /* Playlist.swift in Sources */ = {isa = PBXBuildFile; fileRef = AF5390DA2B2C1B1E005250E4 /* Playlist.swift */; };
		AF5390DD2B2C1BAC005250E4 /* AlamofireLogger.swift in Sources */ = {isa = PBXBuildFile; fileRef = AF5390DC2B2C1BAC005250E4 /* AlamofireLogger.swift */; };
		AF5390DF2B2C1C12005250E4 /* HomeViewModel.swift in Sources */ = {isa = PBXBuildFile; fileRef = AF5390DE2B2C1C12005250E4 /* HomeViewModel.swift */; };
		AF5390E12B2C1CA1005250E4 /* ApiService.swift in Sources */ = {isa = PBXBuildFile; fileRef = AF5390E02B2C1CA1005250E4 /* ApiService.swift */; };
		AF5390E32B2C1CB6005250E4 /* RefreshTokenRetrier.swift in Sources */ = {isa = PBXBuildFile; fileRef = AF5390E22B2C1CB6005250E4 /* RefreshTokenRetrier.swift */; };
		AF5390E52B2C1CC9005250E4 /* TokenAdapter.swift in Sources */ = {isa = PBXBuildFile; fileRef = AF5390E42B2C1CC9005250E4 /* TokenAdapter.swift */; };
		AF66C6BF2B15B9D50069AB98 /* Navigation.swift in Sources */ = {isa = PBXBuildFile; fileRef = AF66C6BE2B15B9D50069AB98 /* Navigation.swift */; };
/* End PBXBuildFile section */

/* Begin PBXContainerItemProxy section */
		AF48FDAA2B0C88BA0011BE5D /* PBXContainerItemProxy */ = {
			isa = PBXContainerItemProxy;
			containerPortal = AF48FD902B0C88B80011BE5D /* Project object */;
			proxyType = 1;
			remoteGlobalIDString = AF48FD972B0C88B80011BE5D;
			remoteInfo = "spotify-demo";
		};
		AF48FDB42B0C88BA0011BE5D /* PBXContainerItemProxy */ = {
			isa = PBXContainerItemProxy;
			containerPortal = AF48FD902B0C88B80011BE5D /* Project object */;
			proxyType = 1;
			remoteGlobalIDString = AF48FD972B0C88B80011BE5D;
			remoteInfo = "spotify-demo";
		};
/* End PBXContainerItemProxy section */

/* Begin PBXFileReference section */
		AF48FD982B0C88B80011BE5D /* spotify-demo.app */ = {isa = PBXFileReference; explicitFileType = wrapper.application; includeInIndex = 0; path = "spotify-demo.app"; sourceTree = BUILT_PRODUCTS_DIR; };
		AF48FD9B2B0C88B80011BE5D /* spotify_demoApp.swift */ = {isa = PBXFileReference; lastKnownFileType = sourcecode.swift; path = spotify_demoApp.swift; sourceTree = "<group>"; };
		AF48FD9D2B0C88B80011BE5D /* ContentView.swift */ = {isa = PBXFileReference; lastKnownFileType = sourcecode.swift; path = ContentView.swift; sourceTree = "<group>"; };
		AF48FD9F2B0C88B90011BE5D /* Assets.xcassets */ = {isa = PBXFileReference; lastKnownFileType = folder.assetcatalog; path = Assets.xcassets; sourceTree = "<group>"; };
		AF48FDA12B0C88B90011BE5D /* spotify_demo.entitlements */ = {isa = PBXFileReference; lastKnownFileType = text.plist.entitlements; path = spotify_demo.entitlements; sourceTree = "<group>"; };
		AF48FDA32B0C88B90011BE5D /* Preview Assets.xcassets */ = {isa = PBXFileReference; lastKnownFileType = folder.assetcatalog; path = "Preview Assets.xcassets"; sourceTree = "<group>"; };
		AF48FDA92B0C88BA0011BE5D /* spotify-demoTests.xctest */ = {isa = PBXFileReference; explicitFileType = wrapper.cfbundle; includeInIndex = 0; path = "spotify-demoTests.xctest"; sourceTree = BUILT_PRODUCTS_DIR; };
		AF48FDAD2B0C88BA0011BE5D /* spotify_demoTests.swift */ = {isa = PBXFileReference; lastKnownFileType = sourcecode.swift; path = spotify_demoTests.swift; sourceTree = "<group>"; };
		AF48FDB32B0C88BA0011BE5D /* spotify-demoUITests.xctest */ = {isa = PBXFileReference; explicitFileType = wrapper.cfbundle; includeInIndex = 0; path = "spotify-demoUITests.xctest"; sourceTree = BUILT_PRODUCTS_DIR; };
		AF48FDB72B0C88BA0011BE5D /* spotify_demoUITests.swift */ = {isa = PBXFileReference; lastKnownFileType = sourcecode.swift; path = spotify_demoUITests.swift; sourceTree = "<group>"; };
		AF48FDB92B0C88BA0011BE5D /* spotify_demoUITestsLaunchTests.swift */ = {isa = PBXFileReference; lastKnownFileType = sourcecode.swift; path = spotify_demoUITestsLaunchTests.swift; sourceTree = "<group>"; };
		AF48FE272B15AE060011BE5D /* ButtonView.swift */ = {isa = PBXFileReference; lastKnownFileType = sourcecode.swift; path = ButtonView.swift; sourceTree = "<group>"; };
		AF48FE292B15AE2F0011BE5D /* OIDExternalUserAgentIOSSafariViewController.swift */ = {isa = PBXFileReference; lastKnownFileType = sourcecode.swift; path = OIDExternalUserAgentIOSSafariViewController.swift; sourceTree = "<group>"; };
		AF48FE2B2B15AE530011BE5D /* HomeView.swift */ = {isa = PBXFileReference; lastKnownFileType = sourcecode.swift; path = HomeView.swift; sourceTree = "<group>"; };
		AF48FE2D2B15AE5D0011BE5D /* LoginView.swift */ = {isa = PBXFileReference; lastKnownFileType = sourcecode.swift; path = LoginView.swift; sourceTree = "<group>"; };
		AF48FE2F2B15AE6B0011BE5D /* LoginViewModel.swift */ = {isa = PBXFileReference; lastKnownFileType = sourcecode.swift; path = LoginViewModel.swift; sourceTree = "<group>"; };
		AF48FE312B15AE760011BE5D /* SessionViewModel.swift */ = {isa = PBXFileReference; lastKnownFileType = sourcecode.swift; path = SessionViewModel.swift; sourceTree = "<group>"; };
		AF48FE342B15AEC50011BE5D /* AppConstants.swift */ = {isa = PBXFileReference; lastKnownFileType = sourcecode.swift; path = AppConstants.swift; sourceTree = "<group>"; };
		AF48FE362B15AEE60011BE5D /* TokensManager.swift */ = {isa = PBXFileReference; lastKnownFileType = sourcecode.swift; path = TokensManager.swift; sourceTree = "<group>"; };
		AF48FE382B15B21B0011BE5D /* Info.plist */ = {isa = PBXFileReference; lastKnownFileType = text.plist.xml; path = Info.plist; sourceTree = "<group>"; };
		AF5390D52B2C1AA5005250E4 /* ApiObjectPlaylist.swift */ = {isa = PBXFileReference; lastKnownFileType = sourcecode.swift; path = ApiObjectPlaylist.swift; sourceTree = "<group>"; };
		AF5390D72B2C1ACC005250E4 /* ApiObjectPaginator.swift */ = {isa = PBXFileReference; lastKnownFileType = sourcecode.swift; path = ApiObjectPaginator.swift; sourceTree = "<group>"; };
		AF5390DA2B2C1B1E005250E4 /* Playlist.swift */ = {isa = PBXFileReference; lastKnownFileType = sourcecode.swift; path = Playlist.swift; sourceTree = "<group>"; };
		AF5390DC2B2C1BAC005250E4 /* AlamofireLogger.swift */ = {isa = PBXFileReference; lastKnownFileType = sourcecode.swift; path = AlamofireLogger.swift; sourceTree = "<group>"; };
		AF5390DE2B2C1C12005250E4 /* HomeViewModel.swift */ = {isa = PBXFileReference; lastKnownFileType = sourcecode.swift; path = HomeViewModel.swift; sourceTree = "<group>"; };
		AF5390E02B2C1CA1005250E4 /* ApiService.swift */ = {isa = PBXFileReference; lastKnownFileType = sourcecode.swift; path = ApiService.swift; sourceTree = "<group>"; };
		AF5390E22B2C1CB6005250E4 /* RefreshTokenRetrier.swift */ = {isa = PBXFileReference; lastKnownFileType = sourcecode.swift; path = RefreshTokenRetrier.swift; sourceTree = "<group>"; };
		AF5390E42B2C1CC9005250E4 /* TokenAdapter.swift */ = {isa = PBXFileReference; lastKnownFileType = sourcecode.swift; path = TokenAdapter.swift; sourceTree = "<group>"; };
		AF66C6BE2B15B9D50069AB98 /* Navigation.swift */ = {isa = PBXFileReference; lastKnownFileType = sourcecode.swift; path = Navigation.swift; sourceTree = "<group>"; };
/* End PBXFileReference section */

/* Begin PBXFrameworksBuildPhase section */
		AF48FD952B0C88B80011BE5D /* Frameworks */ = {
			isa = PBXFrameworksBuildPhase;
			buildActionMask = 2147483647;
			files = (
				AF48FE402B15B2A90011BE5D /* Valet in Frameworks */,
				AF5390D32B2C1A76005250E4 /* Alamofire in Frameworks */,
				AF48FE3B2B15B28C0011BE5D /* AppAuth in Frameworks */,
				AF48FE3D2B15B28C0011BE5D /* AppAuthCore in Frameworks */,
			);
			runOnlyForDeploymentPostprocessing = 0;
		};
		AF48FDA62B0C88BA0011BE5D /* Frameworks */ = {
			isa = PBXFrameworksBuildPhase;
			buildActionMask = 2147483647;
			files = (
			);
			runOnlyForDeploymentPostprocessing = 0;
		};
		AF48FDB02B0C88BA0011BE5D /* Frameworks */ = {
			isa = PBXFrameworksBuildPhase;
			buildActionMask = 2147483647;
			files = (
			);
			runOnlyForDeploymentPostprocessing = 0;
		};
/* End PBXFrameworksBuildPhase section */

/* Begin PBXGroup section */
		AF48FD8F2B0C88B80011BE5D = {
			isa = PBXGroup;
			children = (
				AF48FD9A2B0C88B80011BE5D /* spotify-demo */,
				AF48FDAC2B0C88BA0011BE5D /* spotify-demoTests */,
				AF48FDB62B0C88BA0011BE5D /* spotify-demoUITests */,
				AF48FD992B0C88B80011BE5D /* Products */,
			);
			sourceTree = "<group>";
		};
		AF48FD992B0C88B80011BE5D /* Products */ = {
			isa = PBXGroup;
			children = (
				AF48FD982B0C88B80011BE5D /* spotify-demo.app */,
				AF48FDA92B0C88BA0011BE5D /* spotify-demoTests.xctest */,
				AF48FDB32B0C88BA0011BE5D /* spotify-demoUITests.xctest */,
			);
			name = Products;
			sourceTree = "<group>";
		};
		AF48FD9A2B0C88B80011BE5D /* spotify-demo */ = {
			isa = PBXGroup;
			children = (
				AF5390D92B2C1B13005250E4 /* model */,
				AF5390D42B2C1A8C005250E4 /* api */,
				AF48FE382B15B21B0011BE5D /* Info.plist */,
				AF48FE332B15AEB60011BE5D /* services */,
				AF48FE232B15ADD80011BE5D /* modules */,
				AF48FD9B2B0C88B80011BE5D /* spotify_demoApp.swift */,
				AF48FD9D2B0C88B80011BE5D /* ContentView.swift */,
				AF48FD9F2B0C88B90011BE5D /* Assets.xcassets */,
				AF48FDA12B0C88B90011BE5D /* spotify_demo.entitlements */,
				AF48FDA22B0C88B90011BE5D /* Preview Content */,
			);
			path = "spotify-demo";
			sourceTree = "<group>";
		};
		AF48FDA22B0C88B90011BE5D /* Preview Content */ = {
			isa = PBXGroup;
			children = (
				AF48FDA32B0C88B90011BE5D /* Preview Assets.xcassets */,
			);
			path = "Preview Content";
			sourceTree = "<group>";
		};
		AF48FDAC2B0C88BA0011BE5D /* spotify-demoTests */ = {
			isa = PBXGroup;
			children = (
				AF48FDAD2B0C88BA0011BE5D /* spotify_demoTests.swift */,
			);
			path = "spotify-demoTests";
			sourceTree = "<group>";
		};
		AF48FDB62B0C88BA0011BE5D /* spotify-demoUITests */ = {
			isa = PBXGroup;
			children = (
				AF48FDB72B0C88BA0011BE5D /* spotify_demoUITests.swift */,
				AF48FDB92B0C88BA0011BE5D /* spotify_demoUITestsLaunchTests.swift */,
			);
			path = "spotify-demoUITests";
			sourceTree = "<group>";
		};
		AF48FE222B15ADCF0011BE5D /* components */ = {
			isa = PBXGroup;
			children = (
				AF48FE272B15AE060011BE5D /* ButtonView.swift */,
			);
			path = components;
			sourceTree = "<group>";
		};
		AF48FE232B15ADD80011BE5D /* modules */ = {
			isa = PBXGroup;
			children = (
				AF48FE262B15ADEE0011BE5D /* safari */,
				AF48FE252B15ADE90011BE5D /* home */,
				AF48FE242B15ADE30011BE5D /* login */,
				AF48FE222B15ADCF0011BE5D /* components */,
			);
			path = modules;
			sourceTree = "<group>";
		};
		AF48FE242B15ADE30011BE5D /* login */ = {
			isa = PBXGroup;
			children = (
				AF48FE2D2B15AE5D0011BE5D /* LoginView.swift */,
				AF48FE2F2B15AE6B0011BE5D /* LoginViewModel.swift */,
				AF66C6BE2B15B9D50069AB98 /* Navigation.swift */,
			);
			path = login;
			sourceTree = "<group>";
		};
		AF48FE252B15ADE90011BE5D /* home */ = {
			isa = PBXGroup;
			children = (
				AF48FE2B2B15AE530011BE5D /* HomeView.swift */,
				AF48FE312B15AE760011BE5D /* SessionViewModel.swift */,
				AF5390DE2B2C1C12005250E4 /* HomeViewModel.swift */,
			);
			path = home;
			sourceTree = "<group>";
		};
		AF48FE262B15ADEE0011BE5D /* safari */ = {
			isa = PBXGroup;
			children = (
				AF48FE292B15AE2F0011BE5D /* OIDExternalUserAgentIOSSafariViewController.swift */,
			);
			path = safari;
			sourceTree = "<group>";
		};
		AF48FE332B15AEB60011BE5D /* services */ = {
			isa = PBXGroup;
			children = (
				AF48FE342B15AEC50011BE5D /* AppConstants.swift */,
				AF48FE362B15AEE60011BE5D /* TokensManager.swift */,
				AF5390DC2B2C1BAC005250E4 /* AlamofireLogger.swift */,
				AF5390E02B2C1CA1005250E4 /* ApiService.swift */,
				AF5390E22B2C1CB6005250E4 /* RefreshTokenRetrier.swift */,
				AF5390E42B2C1CC9005250E4 /* TokenAdapter.swift */,
			);
			path = services;
			sourceTree = "<group>";
		};
		AF5390D42B2C1A8C005250E4 /* api */ = {
			isa = PBXGroup;
			children = (
				AF5390D52B2C1AA5005250E4 /* ApiObjectPlaylist.swift */,
				AF5390D72B2C1ACC005250E4 /* ApiObjectPaginator.swift */,
			);
			path = api;
			sourceTree = "<group>";
		};
		AF5390D92B2C1B13005250E4 /* model */ = {
			isa = PBXGroup;
			children = (
				AF5390DA2B2C1B1E005250E4 /* Playlist.swift */,
			);
			path = model;
			sourceTree = "<group>";
		};
/* End PBXGroup section */

/* Begin PBXNativeTarget section */
		AF48FD972B0C88B80011BE5D /* spotify-demo */ = {
			isa = PBXNativeTarget;
			buildConfigurationList = AF48FDBD2B0C88BA0011BE5D /* Build configuration list for PBXNativeTarget "spotify-demo" */;
			buildPhases = (
				AF48FD942B0C88B80011BE5D /* Sources */,
				AF48FD952B0C88B80011BE5D /* Frameworks */,
				AF48FD962B0C88B80011BE5D /* Resources */,
			);
			buildRules = (
			);
			dependencies = (
			);
			name = "spotify-demo";
			packageProductDependencies = (
				AF48FE3A2B15B28C0011BE5D /* AppAuth */,
				AF48FE3C2B15B28C0011BE5D /* AppAuthCore */,
				AF48FE3F2B15B2A90011BE5D /* Valet */,
				AF5390D22B2C1A76005250E4 /* Alamofire */,
			);
			productName = "spotify-demo";
			productReference = AF48FD982B0C88B80011BE5D /* spotify-demo.app */;
			productType = "com.apple.product-type.application";
		};
		AF48FDA82B0C88BA0011BE5D /* spotify-demoTests */ = {
			isa = PBXNativeTarget;
			buildConfigurationList = AF48FDC02B0C88BA0011BE5D /* Build configuration list for PBXNativeTarget "spotify-demoTests" */;
			buildPhases = (
				AF48FDA52B0C88BA0011BE5D /* Sources */,
				AF48FDA62B0C88BA0011BE5D /* Frameworks */,
				AF48FDA72B0C88BA0011BE5D /* Resources */,
			);
			buildRules = (
			);
			dependencies = (
				AF48FDAB2B0C88BA0011BE5D /* PBXTargetDependency */,
			);
			name = "spotify-demoTests";
			productName = "spotify-demoTests";
			productReference = AF48FDA92B0C88BA0011BE5D /* spotify-demoTests.xctest */;
			productType = "com.apple.product-type.bundle.unit-test";
		};
		AF48FDB22B0C88BA0011BE5D /* spotify-demoUITests */ = {
			isa = PBXNativeTarget;
			buildConfigurationList = AF48FDC32B0C88BA0011BE5D /* Build configuration list for PBXNativeTarget "spotify-demoUITests" */;
			buildPhases = (
				AF48FDAF2B0C88BA0011BE5D /* Sources */,
				AF48FDB02B0C88BA0011BE5D /* Frameworks */,
				AF48FDB12B0C88BA0011BE5D /* Resources */,
			);
			buildRules = (
			);
			dependencies = (
				AF48FDB52B0C88BA0011BE5D /* PBXTargetDependency */,
			);
			name = "spotify-demoUITests";
			productName = "spotify-demoUITests";
			productReference = AF48FDB32B0C88BA0011BE5D /* spotify-demoUITests.xctest */;
			productType = "com.apple.product-type.bundle.ui-testing";
		};
/* End PBXNativeTarget section */

/* Begin PBXProject section */
		AF48FD902B0C88B80011BE5D /* Project object */ = {
			isa = PBXProject;
			attributes = {
				BuildIndependentTargetsInParallel = 1;
				LastSwiftUpdateCheck = 1500;
				LastUpgradeCheck = 1500;
				TargetAttributes = {
					AF48FD972B0C88B80011BE5D = {
						CreatedOnToolsVersion = 15.0.1;
					};
					AF48FDA82B0C88BA0011BE5D = {
						CreatedOnToolsVersion = 15.0.1;
						TestTargetID = AF48FD972B0C88B80011BE5D;
					};
					AF48FDB22B0C88BA0011BE5D = {
						CreatedOnToolsVersion = 15.0.1;
						TestTargetID = AF48FD972B0C88B80011BE5D;
					};
				};
			};
			buildConfigurationList = AF48FD932B0C88B80011BE5D /* Build configuration list for PBXProject "spotify-demo" */;
			compatibilityVersion = "Xcode 14.0";
			developmentRegion = en;
			hasScannedForEncodings = 0;
			knownRegions = (
				en,
				Base,
			);
			mainGroup = AF48FD8F2B0C88B80011BE5D;
			packageReferences = (
				AF48FE392B15B28C0011BE5D /* XCRemoteSwiftPackageReference "AppAuth-iOS" */,
				AF48FE3E2B15B2A90011BE5D /* XCRemoteSwiftPackageReference "Valet" */,
				AF5390D12B2C1A76005250E4 /* XCRemoteSwiftPackageReference "Alamofire" */,
			);
			productRefGroup = AF48FD992B0C88B80011BE5D /* Products */;
			projectDirPath = "";
			projectRoot = "";
			targets = (
				AF48FD972B0C88B80011BE5D /* spotify-demo */,
				AF48FDA82B0C88BA0011BE5D /* spotify-demoTests */,
				AF48FDB22B0C88BA0011BE5D /* spotify-demoUITests */,
			);
		};
/* End PBXProject section */

/* Begin PBXResourcesBuildPhase section */
		AF48FD962B0C88B80011BE5D /* Resources */ = {
			isa = PBXResourcesBuildPhase;
			buildActionMask = 2147483647;
			files = (
				AF48FDA42B0C88B90011BE5D /* Preview Assets.xcassets in Resources */,
				AF48FDA02B0C88B90011BE5D /* Assets.xcassets in Resources */,
			);
			runOnlyForDeploymentPostprocessing = 0;
		};
		AF48FDA72B0C88BA0011BE5D /* Resources */ = {
			isa = PBXResourcesBuildPhase;
			buildActionMask = 2147483647;
			files = (
			);
			runOnlyForDeploymentPostprocessing = 0;
		};
		AF48FDB12B0C88BA0011BE5D /* Resources */ = {
			isa = PBXResourcesBuildPhase;
			buildActionMask = 2147483647;
			files = (
			);
			runOnlyForDeploymentPostprocessing = 0;
		};
/* End PBXResourcesBuildPhase section */

/* Begin PBXSourcesBuildPhase section */
		AF48FD942B0C88B80011BE5D /* Sources */ = {
			isa = PBXSourcesBuildPhase;
			buildActionMask = 2147483647;
			files = (
				AF48FE2E2B15AE5D0011BE5D /* LoginView.swift in Sources */,
				AF48FE352B15AEC50011BE5D /* AppConstants.swift in Sources */,
				AF5390E12B2C1CA1005250E4 /* ApiService.swift in Sources */,
				AF48FE322B15AE760011BE5D /* SessionViewModel.swift in Sources */,
				AF5390DF2B2C1C12005250E4 /* HomeViewModel.swift in Sources */,
				AF5390DB2B2C1B1E005250E4 /* Playlist.swift in Sources */,
				AF66C6BF2B15B9D50069AB98 /* Navigation.swift in Sources */,
				AF5390E52B2C1CC9005250E4 /* TokenAdapter.swift in Sources */,
				AF48FE372B15AEE60011BE5D /* TokensManager.swift in Sources */,
				AF48FD9E2B0C88B80011BE5D /* ContentView.swift in Sources */,
				AF48FE2A2B15AE2F0011BE5D /* OIDExternalUserAgentIOSSafariViewController.swift in Sources */,
				AF48FD9C2B0C88B80011BE5D /* spotify_demoApp.swift in Sources */,
				AF5390E32B2C1CB6005250E4 /* RefreshTokenRetrier.swift in Sources */,
				AF5390DD2B2C1BAC005250E4 /* AlamofireLogger.swift in Sources */,
				AF48FE2C2B15AE530011BE5D /* HomeView.swift in Sources */,
				AF5390D82B2C1ACC005250E4 /* ApiObjectPaginator.swift in Sources */,
				AF5390D62B2C1AA5005250E4 /* ApiObjectPlaylist.swift in Sources */,
				AF48FE282B15AE060011BE5D /* ButtonView.swift in Sources */,
				AF48FE302B15AE6B0011BE5D /* LoginViewModel.swift in Sources */,
			);
			runOnlyForDeploymentPostprocessing = 0;
		};
		AF48FDA52B0C88BA0011BE5D /* Sources */ = {
			isa = PBXSourcesBuildPhase;
			buildActionMask = 2147483647;
			files = (
				AF48FDAE2B0C88BA0011BE5D /* spotify_demoTests.swift in Sources */,
			);
			runOnlyForDeploymentPostprocessing = 0;
		};
		AF48FDAF2B0C88BA0011BE5D /* Sources */ = {
			isa = PBXSourcesBuildPhase;
			buildActionMask = 2147483647;
			files = (
				AF48FDBA2B0C88BA0011BE5D /* spotify_demoUITestsLaunchTests.swift in Sources */,
				AF48FDB82B0C88BA0011BE5D /* spotify_demoUITests.swift in Sources */,
			);
			runOnlyForDeploymentPostprocessing = 0;
		};
/* End PBXSourcesBuildPhase section */

/* Begin PBXTargetDependency section */
		AF48FDAB2B0C88BA0011BE5D /* PBXTargetDependency */ = {
			isa = PBXTargetDependency;
			target = AF48FD972B0C88B80011BE5D /* spotify-demo */;
			targetProxy = AF48FDAA2B0C88BA0011BE5D /* PBXContainerItemProxy */;
		};
		AF48FDB52B0C88BA0011BE5D /* PBXTargetDependency */ = {
			isa = PBXTargetDependency;
			target = AF48FD972B0C88B80011BE5D /* spotify-demo */;
			targetProxy = AF48FDB42B0C88BA0011BE5D /* PBXContainerItemProxy */;
		};
/* End PBXTargetDependency section */

/* Begin XCBuildConfiguration section */
		AF48FDBB2B0C88BA0011BE5D /* Debug */ = {
			isa = XCBuildConfiguration;
			buildSettings = {
				ALWAYS_SEARCH_USER_PATHS = NO;
				ASSETCATALOG_COMPILER_GENERATE_SWIFT_ASSET_SYMBOL_EXTENSIONS = YES;
				CLANG_ANALYZER_NONNULL = YES;
				CLANG_ANALYZER_NUMBER_OBJECT_CONVERSION = YES_AGGRESSIVE;
				CLANG_CXX_LANGUAGE_STANDARD = "gnu++20";
				CLANG_ENABLE_MODULES = YES;
				CLANG_ENABLE_OBJC_ARC = YES;
				CLANG_ENABLE_OBJC_WEAK = YES;
				CLANG_WARN_BLOCK_CAPTURE_AUTORELEASING = YES;
				CLANG_WARN_BOOL_CONVERSION = YES;
				CLANG_WARN_COMMA = YES;
				CLANG_WARN_CONSTANT_CONVERSION = YES;
				CLANG_WARN_DEPRECATED_OBJC_IMPLEMENTATIONS = YES;
				CLANG_WARN_DIRECT_OBJC_ISA_USAGE = YES_ERROR;
				CLANG_WARN_DOCUMENTATION_COMMENTS = YES;
				CLANG_WARN_EMPTY_BODY = YES;
				CLANG_WARN_ENUM_CONVERSION = YES;
				CLANG_WARN_INFINITE_RECURSION = YES;
				CLANG_WARN_INT_CONVERSION = YES;
				CLANG_WARN_NON_LITERAL_NULL_CONVERSION = YES;
				CLANG_WARN_OBJC_IMPLICIT_RETAIN_SELF = YES;
				CLANG_WARN_OBJC_LITERAL_CONVERSION = YES;
				CLANG_WARN_OBJC_ROOT_CLASS = YES_ERROR;
				CLANG_WARN_QUOTED_INCLUDE_IN_FRAMEWORK_HEADER = YES;
				CLANG_WARN_RANGE_LOOP_ANALYSIS = YES;
				CLANG_WARN_STRICT_PROTOTYPES = YES;
				CLANG_WARN_SUSPICIOUS_MOVE = YES;
				CLANG_WARN_UNGUARDED_AVAILABILITY = YES_AGGRESSIVE;
				CLANG_WARN_UNREACHABLE_CODE = YES;
				CLANG_WARN__DUPLICATE_METHOD_MATCH = YES;
				COPY_PHASE_STRIP = NO;
				DEBUG_INFORMATION_FORMAT = dwarf;
				ENABLE_STRICT_OBJC_MSGSEND = YES;
				ENABLE_TESTABILITY = YES;
				ENABLE_USER_SCRIPT_SANDBOXING = YES;
				GCC_C_LANGUAGE_STANDARD = gnu17;
				GCC_DYNAMIC_NO_PIC = NO;
				GCC_NO_COMMON_BLOCKS = YES;
				GCC_OPTIMIZATION_LEVEL = 0;
				GCC_PREPROCESSOR_DEFINITIONS = (
					"DEBUG=1",
					"$(inherited)",
				);
				GCC_WARN_64_TO_32_BIT_CONVERSION = YES;
				GCC_WARN_ABOUT_RETURN_TYPE = YES_ERROR;
				GCC_WARN_UNDECLARED_SELECTOR = YES;
				GCC_WARN_UNINITIALIZED_AUTOS = YES_AGGRESSIVE;
				GCC_WARN_UNUSED_FUNCTION = YES;
				GCC_WARN_UNUSED_VARIABLE = YES;
				LOCALIZATION_PREFERS_STRING_CATALOGS = YES;
				MTL_ENABLE_DEBUG_INFO = INCLUDE_SOURCE;
				MTL_FAST_MATH = YES;
				ONLY_ACTIVE_ARCH = YES;
				SWIFT_ACTIVE_COMPILATION_CONDITIONS = "DEBUG $(inherited)";
				SWIFT_OPTIMIZATION_LEVEL = "-Onone";
			};
			name = Debug;
		};
		AF48FDBC2B0C88BA0011BE5D /* Release */ = {
			isa = XCBuildConfiguration;
			buildSettings = {
				ALWAYS_SEARCH_USER_PATHS = NO;
				ASSETCATALOG_COMPILER_GENERATE_SWIFT_ASSET_SYMBOL_EXTENSIONS = YES;
				CLANG_ANALYZER_NONNULL = YES;
				CLANG_ANALYZER_NUMBER_OBJECT_CONVERSION = YES_AGGRESSIVE;
				CLANG_CXX_LANGUAGE_STANDARD = "gnu++20";
				CLANG_ENABLE_MODULES = YES;
				CLANG_ENABLE_OBJC_ARC = YES;
				CLANG_ENABLE_OBJC_WEAK = YES;
				CLANG_WARN_BLOCK_CAPTURE_AUTORELEASING = YES;
				CLANG_WARN_BOOL_CONVERSION = YES;
				CLANG_WARN_COMMA = YES;
				CLANG_WARN_CONSTANT_CONVERSION = YES;
				CLANG_WARN_DEPRECATED_OBJC_IMPLEMENTATIONS = YES;
				CLANG_WARN_DIRECT_OBJC_ISA_USAGE = YES_ERROR;
				CLANG_WARN_DOCUMENTATION_COMMENTS = YES;
				CLANG_WARN_EMPTY_BODY = YES;
				CLANG_WARN_ENUM_CONVERSION = YES;
				CLANG_WARN_INFINITE_RECURSION = YES;
				CLANG_WARN_INT_CONVERSION = YES;
				CLANG_WARN_NON_LITERAL_NULL_CONVERSION = YES;
				CLANG_WARN_OBJC_IMPLICIT_RETAIN_SELF = YES;
				CLANG_WARN_OBJC_LITERAL_CONVERSION = YES;
				CLANG_WARN_OBJC_ROOT_CLASS = YES_ERROR;
				CLANG_WARN_QUOTED_INCLUDE_IN_FRAMEWORK_HEADER = YES;
				CLANG_WARN_RANGE_LOOP_ANALYSIS = YES;
				CLANG_WARN_STRICT_PROTOTYPES = YES;
				CLANG_WARN_SUSPICIOUS_MOVE = YES;
				CLANG_WARN_UNGUARDED_AVAILABILITY = YES_AGGRESSIVE;
				CLANG_WARN_UNREACHABLE_CODE = YES;
				CLANG_WARN__DUPLICATE_METHOD_MATCH = YES;
				COPY_PHASE_STRIP = NO;
				DEBUG_INFORMATION_FORMAT = "dwarf-with-dsym";
				ENABLE_NS_ASSERTIONS = NO;
				ENABLE_STRICT_OBJC_MSGSEND = YES;
				ENABLE_USER_SCRIPT_SANDBOXING = YES;
				GCC_C_LANGUAGE_STANDARD = gnu17;
				GCC_NO_COMMON_BLOCKS = YES;
				GCC_WARN_64_TO_32_BIT_CONVERSION = YES;
				GCC_WARN_ABOUT_RETURN_TYPE = YES_ERROR;
				GCC_WARN_UNDECLARED_SELECTOR = YES;
				GCC_WARN_UNINITIALIZED_AUTOS = YES_AGGRESSIVE;
				GCC_WARN_UNUSED_FUNCTION = YES;
				GCC_WARN_UNUSED_VARIABLE = YES;
				LOCALIZATION_PREFERS_STRING_CATALOGS = YES;
				MTL_ENABLE_DEBUG_INFO = NO;
				MTL_FAST_MATH = YES;
				SWIFT_COMPILATION_MODE = wholemodule;
			};
			name = Release;
		};
		AF48FDBE2B0C88BA0011BE5D /* Debug */ = {
			isa = XCBuildConfiguration;
			buildSettings = {
				ASSETCATALOG_COMPILER_APPICON_NAME = AppIcon;
				ASSETCATALOG_COMPILER_GLOBAL_ACCENT_COLOR_NAME = AccentColor;
				CODE_SIGN_ENTITLEMENTS = "spotify-demo/spotify_demo.entitlements";
				CODE_SIGN_STYLE = Automatic;
				CURRENT_PROJECT_VERSION = 1;
				DEVELOPMENT_ASSET_PATHS = "\"spotify-demo/Preview Content\"";
				DEVELOPMENT_TEAM = PYH5XH3SJ7;
				ENABLE_HARDENED_RUNTIME = YES;
				ENABLE_PREVIEWS = YES;
				GENERATE_INFOPLIST_FILE = YES;
				INFOPLIST_FILE = "spotify-demo/Info.plist";
				"INFOPLIST_KEY_UIApplicationSceneManifest_Generation[sdk=iphoneos*]" = YES;
				"INFOPLIST_KEY_UIApplicationSceneManifest_Generation[sdk=iphonesimulator*]" = YES;
				"INFOPLIST_KEY_UIApplicationSupportsIndirectInputEvents[sdk=iphoneos*]" = YES;
				"INFOPLIST_KEY_UIApplicationSupportsIndirectInputEvents[sdk=iphonesimulator*]" = YES;
				"INFOPLIST_KEY_UILaunchScreen_Generation[sdk=iphoneos*]" = YES;
				"INFOPLIST_KEY_UILaunchScreen_Generation[sdk=iphonesimulator*]" = YES;
				"INFOPLIST_KEY_UIStatusBarStyle[sdk=iphoneos*]" = UIStatusBarStyleDefault;
				"INFOPLIST_KEY_UIStatusBarStyle[sdk=iphonesimulator*]" = UIStatusBarStyleDefault;
				INFOPLIST_KEY_UISupportedInterfaceOrientations_iPad = "UIInterfaceOrientationPortrait UIInterfaceOrientationPortraitUpsideDown UIInterfaceOrientationLandscapeLeft UIInterfaceOrientationLandscapeRight";
				INFOPLIST_KEY_UISupportedInterfaceOrientations_iPhone = "UIInterfaceOrientationPortrait UIInterfaceOrientationLandscapeLeft UIInterfaceOrientationLandscapeRight";
				IPHONEOS_DEPLOYMENT_TARGET = 17.0;
				LD_RUNPATH_SEARCH_PATHS = "@executable_path/Frameworks";
				"LD_RUNPATH_SEARCH_PATHS[sdk=macosx*]" = "@executable_path/../Frameworks";
				MACOSX_DEPLOYMENT_TARGET = 14.0;
				MARKETING_VERSION = 1.0;
				PRODUCT_BUNDLE_IDENTIFIER = "dev.codewithferrer.spotify-demo";
				PRODUCT_NAME = "$(TARGET_NAME)";
				SDKROOT = auto;
				SUPPORTED_PLATFORMS = "iphoneos iphonesimulator macosx";
				SWIFT_EMIT_LOC_STRINGS = YES;
				SWIFT_VERSION = 5.0;
				TARGETED_DEVICE_FAMILY = "1,2";
			};
			name = Debug;
		};
		AF48FDBF2B0C88BA0011BE5D /* Release */ = {
			isa = XCBuildConfiguration;
			buildSettings = {
				ASSETCATALOG_COMPILER_APPICON_NAME = AppIcon;
				ASSETCATALOG_COMPILER_GLOBAL_ACCENT_COLOR_NAME = AccentColor;
				CODE_SIGN_ENTITLEMENTS = "spotify-demo/spotify_demo.entitlements";
				CODE_SIGN_STYLE = Automatic;
				CURRENT_PROJECT_VERSION = 1;
				DEVELOPMENT_ASSET_PATHS = "\"spotify-demo/Preview Content\"";
				DEVELOPMENT_TEAM = PYH5XH3SJ7;
				ENABLE_HARDENED_RUNTIME = YES;
				ENABLE_PREVIEWS = YES;
				GENERATE_INFOPLIST_FILE = YES;
				INFOPLIST_FILE = "spotify-demo/Info.plist";
				"INFOPLIST_KEY_UIApplicationSceneManifest_Generation[sdk=iphoneos*]" = YES;
				"INFOPLIST_KEY_UIApplicationSceneManifest_Generation[sdk=iphonesimulator*]" = YES;
				"INFOPLIST_KEY_UIApplicationSupportsIndirectInputEvents[sdk=iphoneos*]" = YES;
				"INFOPLIST_KEY_UIApplicationSupportsIndirectInputEvents[sdk=iphonesimulator*]" = YES;
				"INFOPLIST_KEY_UILaunchScreen_Generation[sdk=iphoneos*]" = YES;
				"INFOPLIST_KEY_UILaunchScreen_Generation[sdk=iphonesimulator*]" = YES;
				"INFOPLIST_KEY_UIStatusBarStyle[sdk=iphoneos*]" = UIStatusBarStyleDefault;
				"INFOPLIST_KEY_UIStatusBarStyle[sdk=iphonesimulator*]" = UIStatusBarStyleDefault;
				INFOPLIST_KEY_UISupportedInterfaceOrientations_iPad = "UIInterfaceOrientationPortrait UIInterfaceOrientationPortraitUpsideDown UIInterfaceOrientationLandscapeLeft UIInterfaceOrientationLandscapeRight";
				INFOPLIST_KEY_UISupportedInterfaceOrientations_iPhone = "UIInterfaceOrientationPortrait UIInterfaceOrientationLandscapeLeft UIInterfaceOrientationLandscapeRight";
				IPHONEOS_DEPLOYMENT_TARGET = 17.0;
				LD_RUNPATH_SEARCH_PATHS = "@executable_path/Frameworks";
				"LD_RUNPATH_SEARCH_PATHS[sdk=macosx*]" = "@executable_path/../Frameworks";
				MACOSX_DEPLOYMENT_TARGET = 14.0;
				MARKETING_VERSION = 1.0;
				PRODUCT_BUNDLE_IDENTIFIER = "dev.codewithferrer.spotify-demo";
				PRODUCT_NAME = "$(TARGET_NAME)";
				SDKROOT = auto;
				SUPPORTED_PLATFORMS = "iphoneos iphonesimulator macosx";
				SWIFT_EMIT_LOC_STRINGS = YES;
				SWIFT_VERSION = 5.0;
				TARGETED_DEVICE_FAMILY = "1,2";
			};
			name = Release;
		};
		AF48FDC12B0C88BA0011BE5D /* Debug */ = {
			isa = XCBuildConfiguration;
			buildSettings = {
				ALWAYS_EMBED_SWIFT_STANDARD_LIBRARIES = YES;
				BUNDLE_LOADER = "$(TEST_HOST)";
				CODE_SIGN_STYLE = Automatic;
				CURRENT_PROJECT_VERSION = 1;
				DEVELOPMENT_TEAM = PYH5XH3SJ7;
				GENERATE_INFOPLIST_FILE = YES;
				IPHONEOS_DEPLOYMENT_TARGET = 17.0;
				MACOSX_DEPLOYMENT_TARGET = 14.0;
				MARKETING_VERSION = 1.0;
				PRODUCT_BUNDLE_IDENTIFIER = "dev.codewithferrer.spotify-demoTests";
				PRODUCT_NAME = "$(TARGET_NAME)";
				SDKROOT = auto;
				SUPPORTED_PLATFORMS = "iphoneos iphonesimulator macosx";
				SWIFT_EMIT_LOC_STRINGS = NO;
				SWIFT_VERSION = 5.0;
				TARGETED_DEVICE_FAMILY = "1,2";
				TEST_HOST = "$(BUILT_PRODUCTS_DIR)/spotify-demo.app/$(BUNDLE_EXECUTABLE_FOLDER_PATH)/spotify-demo";
			};
			name = Debug;
		};
		AF48FDC22B0C88BA0011BE5D /* Release */ = {
			isa = XCBuildConfiguration;
			buildSettings = {
				ALWAYS_EMBED_SWIFT_STANDARD_LIBRARIES = YES;
				BUNDLE_LOADER = "$(TEST_HOST)";
				CODE_SIGN_STYLE = Automatic;
				CURRENT_PROJECT_VERSION = 1;
				DEVELOPMENT_TEAM = PYH5XH3SJ7;
				GENERATE_INFOPLIST_FILE = YES;
				IPHONEOS_DEPLOYMENT_TARGET = 17.0;
				MACOSX_DEPLOYMENT_TARGET = 14.0;
				MARKETING_VERSION = 1.0;
				PRODUCT_BUNDLE_IDENTIFIER = "dev.codewithferrer.spotify-demoTests";
				PRODUCT_NAME = "$(TARGET_NAME)";
				SDKROOT = auto;
				SUPPORTED_PLATFORMS = "iphoneos iphonesimulator macosx";
				SWIFT_EMIT_LOC_STRINGS = NO;
				SWIFT_VERSION = 5.0;
				TARGETED_DEVICE_FAMILY = "1,2";
				TEST_HOST = "$(BUILT_PRODUCTS_DIR)/spotify-demo.app/$(BUNDLE_EXECUTABLE_FOLDER_PATH)/spotify-demo";
			};
			name = Release;
		};
		AF48FDC42B0C88BA0011BE5D /* Debug */ = {
			isa = XCBuildConfiguration;
			buildSettings = {
				ALWAYS_EMBED_SWIFT_STANDARD_LIBRARIES = YES;
				CODE_SIGN_STYLE = Automatic;
				CURRENT_PROJECT_VERSION = 1;
				DEVELOPMENT_TEAM = PYH5XH3SJ7;
				GENERATE_INFOPLIST_FILE = YES;
				IPHONEOS_DEPLOYMENT_TARGET = 17.0;
				MACOSX_DEPLOYMENT_TARGET = 14.0;
				MARKETING_VERSION = 1.0;
				PRODUCT_BUNDLE_IDENTIFIER = "dev.codewithferrer.spotify-demoUITests";
				PRODUCT_NAME = "$(TARGET_NAME)";
				SDKROOT = auto;
				SUPPORTED_PLATFORMS = "iphoneos iphonesimulator macosx";
				SWIFT_EMIT_LOC_STRINGS = NO;
				SWIFT_VERSION = 5.0;
				TARGETED_DEVICE_FAMILY = "1,2";
				TEST_TARGET_NAME = "spotify-demo";
			};
			name = Debug;
		};
		AF48FDC52B0C88BA0011BE5D /* Release */ = {
			isa = XCBuildConfiguration;
			buildSettings = {
				ALWAYS_EMBED_SWIFT_STANDARD_LIBRARIES = YES;
				CODE_SIGN_STYLE = Automatic;
				CURRENT_PROJECT_VERSION = 1;
				DEVELOPMENT_TEAM = PYH5XH3SJ7;
				GENERATE_INFOPLIST_FILE = YES;
				IPHONEOS_DEPLOYMENT_TARGET = 17.0;
				MACOSX_DEPLOYMENT_TARGET = 14.0;
				MARKETING_VERSION = 1.0;
				PRODUCT_BUNDLE_IDENTIFIER = "dev.codewithferrer.spotify-demoUITests";
				PRODUCT_NAME = "$(TARGET_NAME)";
				SDKROOT = auto;
				SUPPORTED_PLATFORMS = "iphoneos iphonesimulator macosx";
				SWIFT_EMIT_LOC_STRINGS = NO;
				SWIFT_VERSION = 5.0;
				TARGETED_DEVICE_FAMILY = "1,2";
				TEST_TARGET_NAME = "spotify-demo";
			};
			name = Release;
		};
/* End XCBuildConfiguration section */

/* Begin XCConfigurationList section */
		AF48FD932B0C88B80011BE5D /* Build configuration list for PBXProject "spotify-demo" */ = {
			isa = XCConfigurationList;
			buildConfigurations = (
				AF48FDBB2B0C88BA0011BE5D /* Debug */,
				AF48FDBC2B0C88BA0011BE5D /* Release */,
			);
			defaultConfigurationIsVisible = 0;
			defaultConfigurationName = Release;
		};
		AF48FDBD2B0C88BA0011BE5D /* Build configuration list for PBXNativeTarget "spotify-demo" */ = {
			isa = XCConfigurationList;
			buildConfigurations = (
				AF48FDBE2B0C88BA0011BE5D /* Debug */,
				AF48FDBF2B0C88BA0011BE5D /* Release */,
			);
			defaultConfigurationIsVisible = 0;
			defaultConfigurationName = Release;
		};
		AF48FDC02B0C88BA0011BE5D /* Build configuration list for PBXNativeTarget "spotify-demoTests" */ = {
			isa = XCConfigurationList;
			buildConfigurations = (
				AF48FDC12B0C88BA0011BE5D /* Debug */,
				AF48FDC22B0C88BA0011BE5D /* Release */,
			);
			defaultConfigurationIsVisible = 0;
			defaultConfigurationName = Release;
		};
		AF48FDC32B0C88BA0011BE5D /* Build configuration list for PBXNativeTarget "spotify-demoUITests" */ = {
			isa = XCConfigurationList;
			buildConfigurations = (
				AF48FDC42B0C88BA0011BE5D /* Debug */,
				AF48FDC52B0C88BA0011BE5D /* Release */,
			);
			defaultConfigurationIsVisible = 0;
			defaultConfigurationName = Release;
		};
/* End XCConfigurationList section */

/* Begin XCRemoteSwiftPackageReference section */
		AF48FE392B15B28C0011BE5D /* XCRemoteSwiftPackageReference "AppAuth-iOS" */ = {
			isa = XCRemoteSwiftPackageReference;
			repositoryURL = "https://github.com/openid/AppAuth-iOS";
			requirement = {
				kind = upToNextMajorVersion;
				minimumVersion = 1.6.2;
			};
		};
		AF48FE3E2B15B2A90011BE5D /* XCRemoteSwiftPackageReference "Valet" */ = {
			isa = XCRemoteSwiftPackageReference;
			repositoryURL = "https://github.com/square/Valet";
			requirement = {
				kind = upToNextMajorVersion;
				minimumVersion = 4.2.0;
			};
		};
		AF5390D12B2C1A76005250E4 /* XCRemoteSwiftPackageReference "Alamofire" */ = {
			isa = XCRemoteSwiftPackageReference;
			repositoryURL = "https://github.com/Alamofire/Alamofire";
			requirement = {
				kind = upToNextMajorVersion;
				minimumVersion = 5.8.1;
			};
		};
/* End XCRemoteSwiftPackageReference section */

/* Begin XCSwiftPackageProductDependency section */
		AF48FE3A2B15B28C0011BE5D /* AppAuth */ = {
			isa = XCSwiftPackageProductDependency;
			package = AF48FE392B15B28C0011BE5D /* XCRemoteSwiftPackageReference "AppAuth-iOS" */;
			productName = AppAuth;
		};
		AF48FE3C2B15B28C0011BE5D /* AppAuthCore */ = {
			isa = XCSwiftPackageProductDependency;
			package = AF48FE392B15B28C0011BE5D /* XCRemoteSwiftPackageReference "AppAuth-iOS" */;
			productName = AppAuthCore;
		};
		AF48FE3F2B15B2A90011BE5D /* Valet */ = {
			isa = XCSwiftPackageProductDependency;
			package = AF48FE3E2B15B2A90011BE5D /* XCRemoteSwiftPackageReference "Valet" */;
			productName = Valet;
		};
		AF5390D22B2C1A76005250E4 /* Alamofire */ = {
			isa = XCSwiftPackageProductDependency;
			package = AF5390D12B2C1A76005250E4 /* XCRemoteSwiftPackageReference "Alamofire" */;
			productName = Alamofire;
		};
/* End XCSwiftPackageProductDependency section */
	};
	rootObject = AF48FD902B0C88B80011BE5D /* Project object */;
}
